<?xml version="1.0" encoding="utf-8"?>
<Project ToolsVersion="4.0" xmlns="http://schemas.microsoft.com/developer/msbuild/2003">
  <ItemGroup>
    <Filter Include="Исходные файлы">
      <UniqueIdentifier>{4FC737F1-C7A5-4376-A066-2A32D752A2FF}</UniqueIdentifier>
      <Extensions>cpp;c;cc;cxx;c++;cppm;ixx;def;odl;idl;hpj;bat;asm;asmx</Extensions>
    </Filter>
    <Filter Include="Файлы заголовков">
      <UniqueIdentifier>{93995380-89BD-4b04-88EB-625FBE52EBFB}</UniqueIdentifier>
      <Extensions>h;hh;hpp;hxx;h++;hm;inl;inc;ipp;xsd</Extensions>
    </Filter>
    <Filter Include="Shaders">
      <UniqueIdentifier>{38B4062F-26D9-4485-955D-165846E05799}</UniqueIdentifier>
    </Filter>
  </ItemGroup>
  <ItemGroup>
    <ClCompile Include="Application.cpp">
      <Filter>Исходные файлы</Filter>
    </ClCompile>
    <ClCompile Include="main.cpp">
      <Filter>Исходные файлы</Filter>
    </ClCompile>
    <ClCompile Include="MorphSurface.cpp">
      <Filter>Исходные файлы</Filter>
    </ClCompile>
    <ClCompile Include="Projection.cpp">
      <Filter>Исходные файлы</Filter>
    </ClCompile>
    <ClCompile Include="Renderer.cpp">
      <Filter>Исходные файлы</Filter>
    </ClCompile>
    <ClCompile Include="ShaderProgram.cpp">
      <Filter>Исходные файлы</Filter>
    </ClCompile>
  </ItemGroup>
  <ItemGroup>
    <ClInclude Include="Application.h">
      <Filter>Файлы заголовков</Filter>
    </ClInclude>
    <ClInclude Include="Constants.h">
      <Filter>Файлы заголовков</Filter>
    </ClInclude>
    <ClInclude Include="Drawable.h">
      <Filter>Файлы заголовков</Filter>
    </ClInclude>
    <ClInclude Include="Math.h">
      <Filter>Файлы заголовков</Filter>
    </ClInclude>
    <ClInclude Include="MorphSurface.h">
      <Filter>Файлы заголовков</Filter>
    </ClInclude>
    <ClInclude Include="Projection.h">
      <Filter>Файлы заголовков</Filter>
    </ClInclude>
    <ClInclude Include="Renderer.h">
      <Filter>Файлы заголовков</Filter>
    </ClInclude>
    <ClInclude Include="ShaderProgram.h">
      <Filter>Файлы заголовков</Filter>
    </ClInclude>
    <ClInclude Include="Vec2.h">
      <Filter>Файлы заголовков</Filter>
    </ClInclude>
    <ClInclude Include="Vec3.h">
      <Filter>Файлы заголовков</Filter>
    </ClInclude>
    <ClInclude Include="Vertex.h">
      <Filter>Файлы заголовков</Filter>
    </ClInclude>
  </ItemGroup>
  <ItemGroup>
    <None Include="Morph.vert">
      <Filter>Shaders</Filter>
    </None>
    <None Include="Morph.frag">
      <Filter>Shaders</Filter>
    </None>
    <None Include="packages.config" />
  </ItemGroup>
</Project>
