<?xml version="1.0" encoding="utf-8"?>
<Project xmlns="http://schemas.microsoft.com/developer/msbuild/2003" ToolsVersion="4.0">
  <ItemGroup>
    <Filter Include="Application">
      <UniqueIdentifier>{231235A4-02EC-41AC-B28C-A0DD7431C2AE}</UniqueIdentifier>
    </Filter>
    <Filter Include="Scene">
      <UniqueIdentifier>{30B2A0CB-B457-4012-844A-F9B7E22839DF}</UniqueIdentifier>
    </Filter>
    <Filter Include="Geometry">
      <UniqueIdentifier>{2CE48D5E-DDB3-4F27-9C02-74A27B4EBB81}</UniqueIdentifier>
    </Filter>
    <Filter Include="Rendering">
      <UniqueIdentifier>{F2514C33-4FC7-42CF-ABAE-053FF6048E09}</UniqueIdentifier>
    </Filter>
    <Filter Include="Rendering\OpenGL">
      <UniqueIdentifier>{A2890957-2CE8-476B-99D2-675C6FA27F23}</UniqueIdentifier>
    </Filter>
    <Filter Include="Rendering\Shaders">
      <UniqueIdentifier>{86B8305B-CD79-4E9C-98CF-2DD8D5CCC08E}</UniqueIdentifier>
    </Filter>
    <Filter Include="Math">
      <UniqueIdentifier>{128A31AB-5972-40DC-AAA5-A7F4DADAF098}</UniqueIdentifier>
    </Filter>
    <Filter Include="Platform">
      <UniqueIdentifier>{25E741E7-FD61-4532-B2B8-1F002788FBC7}</UniqueIdentifier>
    </Filter>
    <Filter Include="Project Files">
      <UniqueIdentifier>{0848CBBF-7FFE-4A2D-B434-B77A6FDFC94F}</UniqueIdentifier>
    </Filter>
  </ItemGroup>
  <ItemGroup>
    <ClCompile Include="Application\Application.cpp">
      <Filter>Application</Filter>
    </ClCompile>
    <ClCompile Include="Geometry\Polyhedron.cpp">
      <Filter>Geometry</Filter>
    </ClCompile>
    <ClCompile Include="Geometry\PolyhedronFactory.cpp">
      <Filter>Geometry</Filter>
    </ClCompile>
    <ClCompile Include="Math\Matrix4.cpp">
      <Filter>Math</Filter>
    </ClCompile>
    <ClCompile Include="Math\Transform.cpp">
      <Filter>Math</Filter>
    </ClCompile>
    <ClCompile Include="Rendering\Camera.cpp">
      <Filter>Rendering</Filter>
    </ClCompile>
    <ClCompile Include="Rendering\FullscreenQuad.cpp">
      <Filter>Rendering\OpenGL</Filter>
    </ClCompile>
    <ClCompile Include="Rendering\RayTracingRenderer.cpp">
      <Filter>Rendering</Filter>
    </ClCompile>
    <ClCompile Include="Rendering\ShaderProgram.cpp">
      <Filter>Rendering\OpenGL</Filter>
    </ClCompile>
    <ClCompile Include="Scene\Scene.cpp">
      <Filter>Scene</Filter>
    </ClCompile>
    <ClCompile Include="Scene\SceneFactory.cpp">
      <Filter>Scene</Filter>
    </ClCompile>
    <ClCompile Include="Window\GlfwContext.cpp">
      <Filter>Platform</Filter>
    </ClCompile>
    <ClCompile Include="Window\Window.cpp">
      <Filter>Platform</Filter>
    </ClCompile>
    <ClCompile Include="main.cpp" />
  </ItemGroup>
  <ItemGroup>
    <ClInclude Include="Application\Application.h">
      <Filter>Application</Filter>
    </ClInclude>
    <ClInclude Include="Geometry\Plane.h">
      <Filter>Geometry</Filter>
    </ClInclude>
    <ClInclude Include="Geometry\Polyhedron.h">
      <Filter>Geometry</Filter>
    </ClInclude>
    <ClInclude Include="Geometry\PolyhedronFactory.h">
      <Filter>Geometry</Filter>
    </ClInclude>
    <ClInclude Include="Math\Matrix4.h">
      <Filter>Math</Filter>
    </ClInclude>
    <ClInclude Include="Math\Transform.h">
      <Filter>Math</Filter>
    </ClInclude>
    <ClInclude Include="Math\Vector3.h">
      <Filter>Math</Filter>
    </ClInclude>
    <ClInclude Include="Rendering\Camera.h">
      <Filter>Rendering</Filter>
    </ClInclude>
    <ClInclude Include="Rendering\FullscreenQuad.h">
      <Filter>Rendering\OpenGL</Filter>
    </ClInclude>
    <ClInclude Include="Rendering\RayTracingRenderer.h">
      <Filter>Rendering</Filter>
    </ClInclude>
    <ClInclude Include="Rendering\ShaderProgram.h">
      <Filter>Rendering\OpenGL</Filter>
    </ClInclude>
    <ClInclude Include="Scene\Scene.h">
      <Filter>Scene</Filter>
    </ClInclude>
    <ClInclude Include="Scene\SceneFactory.h">
      <Filter>Scene</Filter>
    </ClInclude>
    <ClInclude Include="Window\FramebufferSize.h">
      <Filter>Platform</Filter>
    </ClInclude>
    <ClInclude Include="Window\GlfwContext.h">
      <Filter>Platform</Filter>
    </ClInclude>
    <ClInclude Include="Window\Window.h">
      <Filter>Platform</Filter>
    </ClInclude>
  </ItemGroup>
  <ItemGroup>
    <None Include="..\vcpkg.json">
      <Filter>Project Files</Filter>
    </None>
    <None Include="Shaders\raytrace.frag">
      <Filter>Rendering\Shaders</Filter>
    </None>
    <None Include="Shaders\raytrace.vert">
      <Filter>Rendering\Shaders</Filter>
    </None>
  </ItemGroup>
</Project>