<?xml version="1.0" encoding="utf-8"?>
<Project xmlns="http://schemas.microsoft.com/developer/msbuild/2003" ToolsVersion="4.0">
<ItemGroup><Filter Include="Application"/><Filter Include="Geometry"/><Filter Include="Math"/><Filter Include="Rendering"/><Filter Include="Rendering\OpenGL"/><Filter Include="Rendering\Shaders"/><Filter Include="Platform"/><Filter Include="Project Files"/></ItemGroup>
<ItemGroup><ClCompile Include="Application\Application.cpp"><Filter>Application</Filter></ClCompile><ClCompile Include="Geometry\Tetrahedron.cpp"><Filter>Geometry</Filter></ClCompile><ClCompile Include="main.cpp"><Filter>Application</Filter></ClCompile><ClCompile Include="Math\Matrix4.cpp"><Filter>Math</Filter></ClCompile><ClCompile Include="Math\Transform.cpp"><Filter>Math</Filter></ClCompile><ClCompile Include="Rendering\FullscreenQuad.cpp"><Filter>Rendering\OpenGL</Filter></ClCompile><ClCompile Include="Rendering\RayTracingRenderer.cpp"><Filter>Rendering</Filter></ClCompile><ClCompile Include="Rendering\ShaderProgram.cpp"><Filter>Rendering\OpenGL</Filter></ClCompile><ClCompile Include="Window\Window.cpp"><Filter>Platform</Filter></ClCompile></ItemGroup><ItemGroup><ClInclude Include="Application\Application.h"><Filter>Application</Filter></ClInclude><ClInclude Include="Geometry\Plane.h"><Filter>Geometry</Filter></ClInclude><ClInclude Include="Geometry\Tetrahedron.h"><Filter>Geometry</Filter></ClInclude><ClInclude Include="Math\Matrix4.h"><Filter>Math</Filter></ClInclude><ClInclude Include="Math\Transform.h"><Filter>Math</Filter></ClInclude><ClInclude Include="Math\Vector3.h"><Filter>Math</Filter></ClInclude><ClInclude Include="Rendering\FullscreenQuad.h"><Filter>Rendering\OpenGL</Filter></ClInclude><ClInclude Include="Rendering\RayTracingRenderer.h"><Filter>Rendering</Filter></ClInclude><ClInclude Include="Rendering\ShaderProgram.h"><Filter>Rendering\OpenGL</Filter></ClInclude><ClInclude Include="Window\Window.h"><Filter>Platform</Filter></ClInclude></ItemGroup><ItemGroup><None Include="..\vcpkg.json"><Filter>Project Files</Filter></None><None Include="Shaders\raytrace.frag"><Filter>Rendering\Shaders</Filter></None><None Include="Shaders\raytrace.vert"><Filter>Rendering\Shaders</Filter></None></ItemGroup></Project>