
Microsoft Visual Studio Solution File, Format Version 12.00
# Visual Studio Version 17
VisualStudioVersion = 17.14.36811.4 d17.14
MinimumVisualStudioVersion = 10.0.40219.1
Project("{8BC9CEB8-8B4A-11D0-8D11-00A0C91BC942}") = "task2", "task2.vcxproj", "{F4772194-B785-4178-A77D-95803AA004C5}"
EndProject
Global
	GlobalSection(SolutionConfigurationPlatforms) = preSolution
		Debug|x64 = Debug|x64
		Debug|x86 = Debug|x86
		Release|x64 = Release|x64
		Release|x86 = Release|x86
	EndGlobalSection
	GlobalSection(ProjectConfigurationPlatforms) = postSolution
		{F4772194-B785-4178-A77D-95803AA004C5}.Debug|x64.ActiveCfg = Debug|x64
		{F4772194-B785-4178-A77D-95803AA004C5}.Debug|x64.Build.0 = Debug|x64
		{F4772194-B785-4178-A77D-95803AA004C5}.Debug|x86.ActiveCfg = Debug|Win32
		{F4772194-B785-4178-A77D-95803AA004C5}.Debug|x86.Build.0 = Debug|Win32
		{F4772194-B785-4178-A77D-95803AA004C5}.Release|x64.ActiveCfg = Release|x64
		{F4772194-B785-4178-A77D-95803AA004C5}.Release|x64.Build.0 = Release|x64
		{F4772194-B785-4178-A77D-95803AA004C5}.Release|x86.ActiveCfg = Release|Win32
		{F4772194-B785-4178-A77D-95803AA004C5}.Release|x86.Build.0 = Release|Win32
	EndGlobalSection
	GlobalSection(SolutionProperties) = preSolution
		HideSolutionNode = FALSE
	EndGlobalSection
	GlobalSection(ExtensibilityGlobals) = postSolution
		SolutionGuid = {DEF866E9-0D23-48B2-966E-6FD446E0B874}
	EndGlobalSection
EndGlobal
